// !$*UTF8*$!
{
	archiveVersion = 1;
	classes = {
	};
	objectVersion = 48;
	objects = {

/* Begin PBXBuildFile section */
		1A037A182440EA8A00816D23 /* CoroutineDispatcherTests.swift in Sources */ = {isa = PBXBuildFile; fileRef = 1A037A172440EA8A00816D23 /* CoroutineDispatcherTests.swift */; };
		1A037A192440EA8A00816D23 /* CoroutineDispatcherTests.swift in Sources */ = {isa = PBXBuildFile; fileRef = 1A037A172440EA8A00816D23 /* CoroutineDispatcherTests.swift */; };
		1A037A1B2440ED2300816D23 /* URLSessionTests.swift in Sources */ = {isa = PBXBuildFile; fileRef = 1A037A1A2440ED2300816D23 /* URLSessionTests.swift */; };
		1A037A1C2440ED2300816D23 /* URLSessionTests.swift in Sources */ = {isa = PBXBuildFile; fileRef = 1A037A1A2440ED2300816D23 /* URLSessionTests.swift */; };
		1A14B1D2244A3B890046A239 /* BlockingFifoQueue.swift in Sources */ = {isa = PBXBuildFile; fileRef = 1A14B1D1244A3B890046A239 /* BlockingFifoQueue.swift */; };
		1A14B1D3244A3B890046A239 /* BlockingFifoQueue.swift in Sources */ = {isa = PBXBuildFile; fileRef = 1A14B1D1244A3B890046A239 /* BlockingFifoQueue.swift */; };
		1A14B1D5244A3BCA0046A239 /* AtomicTuple.swift in Sources */ = {isa = PBXBuildFile; fileRef = 1A14B1D4244A3BCA0046A239 /* AtomicTuple.swift */; };
		1A14B1D6244A3BCA0046A239 /* AtomicTuple.swift in Sources */ = {isa = PBXBuildFile; fileRef = 1A14B1D4244A3BCA0046A239 /* AtomicTuple.swift */; };
		1A25981F2437627F00AFA1E2 /* SharedCoroutineDispatcher.swift in Sources */ = {isa = PBXBuildFile; fileRef = 1A25981E2437627F00AFA1E2 /* SharedCoroutineDispatcher.swift */; };
		1A2598202437627F00AFA1E2 /* SharedCoroutineDispatcher.swift in Sources */ = {isa = PBXBuildFile; fileRef = 1A25981E2437627F00AFA1E2 /* SharedCoroutineDispatcher.swift */; };
		1A2598222437661B00AFA1E2 /* SharedCoroutineQueue.swift in Sources */ = {isa = PBXBuildFile; fileRef = 1A2598212437661B00AFA1E2 /* SharedCoroutineQueue.swift */; };
		1A2598232437661B00AFA1E2 /* SharedCoroutineQueue.swift in Sources */ = {isa = PBXBuildFile; fileRef = 1A2598212437661B00AFA1E2 /* SharedCoroutineQueue.swift */; };
		1A2598252437671600AFA1E2 /* SharedCoroutine.swift in Sources */ = {isa = PBXBuildFile; fileRef = 1A2598242437671600AFA1E2 /* SharedCoroutine.swift */; };
		1A2598262437671600AFA1E2 /* SharedCoroutine.swift in Sources */ = {isa = PBXBuildFile; fileRef = 1A2598242437671600AFA1E2 /* SharedCoroutine.swift */; };
		1A2D8D7C241EBD1A00ECC849 /* CoFuture+Combine.swift in Sources */ = {isa = PBXBuildFile; fileRef = 1A2D8D7B241EBD1A00ECC849 /* CoFuture+Combine.swift */; };
		1A2D8D7D241EBD1A00ECC849 /* CoFuture+Combine.swift in Sources */ = {isa = PBXBuildFile; fileRef = 1A2D8D7B241EBD1A00ECC849 /* CoFuture+Combine.swift */; };
		1A2D8D7F241EBD3A00ECC849 /* CoSubscription.swift in Sources */ = {isa = PBXBuildFile; fileRef = 1A2D8D7E241EBD3A00ECC849 /* CoSubscription.swift */; };
		1A2D8D80241EBD3A00ECC849 /* CoSubscription.swift in Sources */ = {isa = PBXBuildFile; fileRef = 1A2D8D7E241EBD3A00ECC849 /* CoSubscription.swift */; };
		1A2D8D82241EBD5700ECC849 /* CoFuturePublisher.swift in Sources */ = {isa = PBXBuildFile; fileRef = 1A2D8D81241EBD5700ECC849 /* CoFuturePublisher.swift */; };
		1A2D8D83241EBD5700ECC849 /* CoFuturePublisher.swift in Sources */ = {isa = PBXBuildFile; fileRef = 1A2D8D81241EBD5700ECC849 /* CoFuturePublisher.swift */; };
		1A2F0F582440BD7D00B5C9F1 /* CoFuture2+map.swift in Sources */ = {isa = PBXBuildFile; fileRef = 1A2F0F572440BD7D00B5C9F1 /* CoFuture2+map.swift */; };
		1A2F0F592440BD7D00B5C9F1 /* CoFuture2+map.swift in Sources */ = {isa = PBXBuildFile; fileRef = 1A2F0F572440BD7D00B5C9F1 /* CoFuture2+map.swift */; };
		1A3583FF23DD796A0086A6E6 /* CoFuture3+whenComplete.swift in Sources */ = {isa = PBXBuildFile; fileRef = 1A3583FE23DD796A0086A6E6 /* CoFuture3+whenComplete.swift */; };
		1A35840023DD796A0086A6E6 /* CoFuture3+whenComplete.swift in Sources */ = {isa = PBXBuildFile; fileRef = 1A3583FE23DD796A0086A6E6 /* CoFuture3+whenComplete.swift */; };
		1A363CBC2413D004000CF996 /* StackfullCoroutine.swift in Sources */ = {isa = PBXBuildFile; fileRef = 1A363CBB2413D004000CF996 /* StackfullCoroutine.swift */; };
		1A363CBD2413D004000CF996 /* StackfullCoroutine.swift in Sources */ = {isa = PBXBuildFile; fileRef = 1A363CBB2413D004000CF996 /* StackfullCoroutine.swift */; };
		1A363CBF2413D03B000CF996 /* CoroutineProtocol.swift in Sources */ = {isa = PBXBuildFile; fileRef = 1A363CBE2413D03B000CF996 /* CoroutineProtocol.swift */; };
		1A363CC02413D03B000CF996 /* CoroutineProtocol.swift in Sources */ = {isa = PBXBuildFile; fileRef = 1A363CBE2413D03B000CF996 /* CoroutineProtocol.swift */; };
		1A39C9512439E01600BEE57B /* PseudoCoroutine.swift in Sources */ = {isa = PBXBuildFile; fileRef = 1A39C9502439E01600BEE57B /* PseudoCoroutine.swift */; };
		1A39C9522439E01600BEE57B /* PseudoCoroutine.swift in Sources */ = {isa = PBXBuildFile; fileRef = 1A39C9502439E01600BEE57B /* PseudoCoroutine.swift */; };
		1A39C9542439E12E00BEE57B /* PsxCondition.swift in Sources */ = {isa = PBXBuildFile; fileRef = 1A39C9532439E12E00BEE57B /* PsxCondition.swift */; };
		1A39C9552439E12E00BEE57B /* PsxCondition.swift in Sources */ = {isa = PBXBuildFile; fileRef = 1A39C9532439E12E00BEE57B /* PsxCondition.swift */; };
		1A39C97A243A34AD00BEE57B /* PseudoCoroutineTests.swift in Sources */ = {isa = PBXBuildFile; fileRef = 1A39C979243A34AD00BEE57B /* PseudoCoroutineTests.swift */; };
		1A39C97B243A34AD00BEE57B /* PseudoCoroutineTests.swift in Sources */ = {isa = PBXBuildFile; fileRef = 1A39C979243A34AD00BEE57B /* PseudoCoroutineTests.swift */; };
		1A43084523C094EC001A89EA /* DispatchSourceTimer.swift in Sources */ = {isa = PBXBuildFile; fileRef = 1A43084423C094EC001A89EA /* DispatchSourceTimer.swift */; };
		1A43084623C094EC001A89EA /* DispatchSourceTimer.swift in Sources */ = {isa = PBXBuildFile; fileRef = 1A43084423C094EC001A89EA /* DispatchSourceTimer.swift */; };
		1A47C25023D73D3F004CC7B1 /* CoroutineTests.swift in Sources */ = {isa = PBXBuildFile; fileRef = 1A47C24F23D73D3F004CC7B1 /* CoroutineTests.swift */; };
		1A47C25123D73D3F004CC7B1 /* CoroutineTests.swift in Sources */ = {isa = PBXBuildFile; fileRef = 1A47C24F23D73D3F004CC7B1 /* CoroutineTests.swift */; };
		1A4C6DAD2416AB2C00EF2974 /* FifoQueue.swift in Sources */ = {isa = PBXBuildFile; fileRef = 1A4C6DAC2416AB2C00EF2974 /* FifoQueue.swift */; };
		1A4C6DAE2416AB2C00EF2974 /* FifoQueue.swift in Sources */ = {isa = PBXBuildFile; fileRef = 1A4C6DAC2416AB2C00EF2974 /* FifoQueue.swift */; };
		1A57BE6523CC867600639FDD /* CoroutineContextTests.swift in Sources */ = {isa = PBXBuildFile; fileRef = 1A57BE6423CC867600639FDD /* CoroutineContextTests.swift */; };
		1A57BE6623CC867600639FDD /* CoroutineContextTests.swift in Sources */ = {isa = PBXBuildFile; fileRef = 1A57BE6423CC867600639FDD /* CoroutineContextTests.swift */; };
		1A595BF623E872D5009B62E7 /* CoroutineContextPool.swift in Sources */ = {isa = PBXBuildFile; fileRef = 1A595BF323E87298009B62E7 /* CoroutineContextPool.swift */; };
		1A595BF723E872D5009B62E7 /* CoroutineContextPool.swift in Sources */ = {isa = PBXBuildFile; fileRef = 1A595BF323E87298009B62E7 /* CoroutineContextPool.swift */; };
		1A595BFB23E8A31F009B62E7 /* CoPromise.swift in Sources */ = {isa = PBXBuildFile; fileRef = 1A595BF823E8A2C7009B62E7 /* CoPromise.swift */; };
		1A595BFC23E8A320009B62E7 /* CoPromise.swift in Sources */ = {isa = PBXBuildFile; fileRef = 1A595BF823E8A2C7009B62E7 /* CoPromise.swift */; };
		1A64013E2433F0B900E4CECD /* AtomicInt.swift in Sources */ = {isa = PBXBuildFile; fileRef = 1A64013D2433F0B900E4CECD /* AtomicInt.swift */; };
		1A64013F2433F0B900E4CECD /* AtomicInt.swift in Sources */ = {isa = PBXBuildFile; fileRef = 1A64013D2433F0B900E4CECD /* AtomicInt.swift */; };
		1A65BABB239CE05D004C1716 /* CoroutineContext.swift in Sources */ = {isa = PBXBuildFile; fileRef = 1A65BABA239CE05C004C1716 /* CoroutineContext.swift */; };
		1A65BAC2239CEFED004C1716 /* CoroutineContext.swift in Sources */ = {isa = PBXBuildFile; fileRef = 1A65BABA239CE05C004C1716 /* CoroutineContext.swift */; };
		1A68B4EC243A6DC500482247 /* URLSession+CoFuture.swift in Sources */ = {isa = PBXBuildFile; fileRef = 1A109B66241D5E400024C32C /* URLSession+CoFuture.swift */; };
		1A68B4ED243A6DC600482247 /* URLSession+CoFuture.swift in Sources */ = {isa = PBXBuildFile; fileRef = 1A109B66241D5E400024C32C /* URLSession+CoFuture.swift */; };
		1A68B4EF243B35C200482247 /* ThreadSafeFifoQueues.swift in Sources */ = {isa = PBXBuildFile; fileRef = 1A68B4EE243B35C200482247 /* ThreadSafeFifoQueues.swift */; };
		1A68B4F0243B35C200482247 /* ThreadSafeFifoQueues.swift in Sources */ = {isa = PBXBuildFile; fileRef = 1A68B4EE243B35C200482247 /* ThreadSafeFifoQueues.swift */; };
		1A6910C32421612400C546ED /* CoFutureCombineTests.swift in Sources */ = {isa = PBXBuildFile; fileRef = 1A6910C22421612400C546ED /* CoFutureCombineTests.swift */; };
		1A6910C42421612400C546ED /* CoFutureCombineTests.swift in Sources */ = {isa = PBXBuildFile; fileRef = 1A6910C22421612400C546ED /* CoFutureCombineTests.swift */; };
		1A71364D24215BBB00DC78FD /* CoFutureAwaitTests.swift in Sources */ = {isa = PBXBuildFile; fileRef = 1A71364C24215BBB00DC78FD /* CoFutureAwaitTests.swift */; };
		1A71364E24215BBB00DC78FD /* CoFutureAwaitTests.swift in Sources */ = {isa = PBXBuildFile; fileRef = 1A71364C24215BBB00DC78FD /* CoFutureAwaitTests.swift */; };
		1A739AD023B1555A00165280 /* Coroutine+StackSize.swift in Sources */ = {isa = PBXBuildFile; fileRef = 1A739ACF23B1555A00165280 /* Coroutine+StackSize.swift */; };
		1A739AD123B1555A00165280 /* Coroutine+StackSize.swift in Sources */ = {isa = PBXBuildFile; fileRef = 1A739ACF23B1555A00165280 /* Coroutine+StackSize.swift */; };
		1A790E8423E5D7A9007056EC /* Coroutine.swift in Sources */ = {isa = PBXBuildFile; fileRef = 1A790E8323E5D7A9007056EC /* Coroutine.swift */; };
		1A790E8523E5D7A9007056EC /* Coroutine.swift in Sources */ = {isa = PBXBuildFile; fileRef = 1A790E8323E5D7A9007056EC /* Coroutine.swift */; };
		1A790E8823E6D167007056EC /* PsxLock.swift in Sources */ = {isa = PBXBuildFile; fileRef = 1A790E8723E6D167007056EC /* PsxLock.swift */; };
		1A790E8923E6D167007056EC /* PsxLock.swift in Sources */ = {isa = PBXBuildFile; fileRef = 1A790E8723E6D167007056EC /* PsxLock.swift */; };
		1A79BA8D23E421C700406AE7 /* CoFutureTests.swift in Sources */ = {isa = PBXBuildFile; fileRef = 1A79BA8A23E421AB00406AE7 /* CoFutureTests.swift */; };
		1A79BA8E23E421C800406AE7 /* CoFutureTests.swift in Sources */ = {isa = PBXBuildFile; fileRef = 1A79BA8A23E421AB00406AE7 /* CoFutureTests.swift */; };
		1A8129A52417D49900AE061C /* CoroutineDispatcher.swift in Sources */ = {isa = PBXBuildFile; fileRef = 1A8129A42417D49900AE061C /* CoroutineDispatcher.swift */; };
		1A8129A62417D49900AE061C /* CoroutineDispatcher.swift in Sources */ = {isa = PBXBuildFile; fileRef = 1A8129A42417D49900AE061C /* CoroutineDispatcher.swift */; };
		1A8129A82417D56700AE061C /* Constants.swift in Sources */ = {isa = PBXBuildFile; fileRef = 1A8129A72417D56700AE061C /* Constants.swift */; };
		1A8129A92417D56700AE061C /* Constants.swift in Sources */ = {isa = PBXBuildFile; fileRef = 1A8129A72417D56700AE061C /* Constants.swift */; };
		1A8FF4932431E932004077E8 /* CoroutineSchedulerTests.swift in Sources */ = {isa = PBXBuildFile; fileRef = 1A8FF4922431E932004077E8 /* CoroutineSchedulerTests.swift */; };
		1A8FF4942431E932004077E8 /* CoroutineSchedulerTests.swift in Sources */ = {isa = PBXBuildFile; fileRef = 1A8FF4922431E932004077E8 /* CoroutineSchedulerTests.swift */; };
		1A934FBB23902A5300155B71 /* URL+Extensions.swift in Sources */ = {isa = PBXBuildFile; fileRef = 1A934FBA23902A5300155B71 /* URL+Extensions.swift */; };
		1A934FBC23902A5300155B71 /* URL+Extensions.swift in Sources */ = {isa = PBXBuildFile; fileRef = 1A934FBA23902A5300155B71 /* URL+Extensions.swift */; };
		1A934FC4239031C000155B71 /* XCTAssertContains.swift in Sources */ = {isa = PBXBuildFile; fileRef = 1A934FC3239031C000155B71 /* XCTAssertContains.swift */; };
		1A934FC5239031C000155B71 /* XCTAssertContains.swift in Sources */ = {isa = PBXBuildFile; fileRef = 1A934FC3239031C000155B71 /* XCTAssertContains.swift */; };
		1A94E5C223A3E6A300812AFD /* SwiftCoroutineTests.swift in Sources */ = {isa = PBXBuildFile; fileRef = F810EF0C1F8F302700025AD1 /* SwiftCoroutineTests.swift */; };
		1A993208242022D100B3BF32 /* CoFuture4+hashable.swift in Sources */ = {isa = PBXBuildFile; fileRef = 1A993207242022D100B3BF32 /* CoFuture4+hashable.swift */; };
		1A993209242022D100B3BF32 /* CoFuture4+hashable.swift in Sources */ = {isa = PBXBuildFile; fileRef = 1A993207242022D100B3BF32 /* CoFuture4+hashable.swift */; };
		1A9C14DE23BB824400E13203 /* CoFuture1+await.swift in Sources */ = {isa = PBXBuildFile; fileRef = 1A9C14DD23BB824400E13203 /* CoFuture1+await.swift */; };
		1A9C14DF23BB824400E13203 /* CoFuture1+await.swift in Sources */ = {isa = PBXBuildFile; fileRef = 1A9C14DD23BB824400E13203 /* CoFuture1+await.swift */; };
		1AAC4881242C98E200AE9AA9 /* CoroutineScheduler.swift in Sources */ = {isa = PBXBuildFile; fileRef = 1AAC4880242C98E200AE9AA9 /* CoroutineScheduler.swift */; };
		1AAC4882242C98E200AE9AA9 /* CoroutineScheduler.swift in Sources */ = {isa = PBXBuildFile; fileRef = 1AAC4880242C98E200AE9AA9 /* CoroutineScheduler.swift */; };
		1AAECA5623DD703400DED77D /* CoFuture.swift in Sources */ = {isa = PBXBuildFile; fileRef = 1AAECA5523DD703400DED77D /* CoFuture.swift */; };
		1AAECA5723DD703400DED77D /* CoFuture.swift in Sources */ = {isa = PBXBuildFile; fileRef = 1AAECA5523DD703400DED77D /* CoFuture.swift */; };
		1ABD0673242A368F00A22764 /* AtomicEnum.swift in Sources */ = {isa = PBXBuildFile; fileRef = 1ABD0672242A368F00A22764 /* AtomicEnum.swift */; };
		1ABD0674242A368F00A22764 /* AtomicEnum.swift in Sources */ = {isa = PBXBuildFile; fileRef = 1ABD0672242A368F00A22764 /* AtomicEnum.swift */; };
		1AC3578823E85A0100EC2A50 /* CoFutureCancelTests.swift in Sources */ = {isa = PBXBuildFile; fileRef = 1AC3578723E85A0100EC2A50 /* CoFutureCancelTests.swift */; };
		1AC3578923E85A0100EC2A50 /* CoFutureCancelTests.swift in Sources */ = {isa = PBXBuildFile; fileRef = 1AC3578723E85A0100EC2A50 /* CoFutureCancelTests.swift */; };
		1AC3578E23E85E7600EC2A50 /* CoPromiseTests.swift in Sources */ = {isa = PBXBuildFile; fileRef = 1AC3578D23E85E7600EC2A50 /* CoPromiseTests.swift */; };
		1AC3578F23E85E7600EC2A50 /* CoPromiseTests.swift in Sources */ = {isa = PBXBuildFile; fileRef = 1AC3578D23E85E7600EC2A50 /* CoPromiseTests.swift */; };
		1ACB4494241A7E34002DB73B /* TestFifoQueue.swift in Sources */ = {isa = PBXBuildFile; fileRef = 1ACB4493241A7E34002DB73B /* TestFifoQueue.swift */; };
		1ACB4495241A7E34002DB73B /* TestFifoQueue.swift in Sources */ = {isa = PBXBuildFile; fileRef = 1ACB4493241A7E34002DB73B /* TestFifoQueue.swift */; };
		1ACB4497241A8377002DB73B /* TestAtomic.swift in Sources */ = {isa = PBXBuildFile; fileRef = 1ACB4496241A8377002DB73B /* TestAtomic.swift */; };
		1ACB4498241A8377002DB73B /* TestAtomic.swift in Sources */ = {isa = PBXBuildFile; fileRef = 1ACB4496241A8377002DB73B /* TestAtomic.swift */; };
		1ACB449A241A8634002DB73B /* TestPsxLock.swift in Sources */ = {isa = PBXBuildFile; fileRef = 1ACB4499241A8634002DB73B /* TestPsxLock.swift */; };
		1ACB449B241A8634002DB73B /* TestPsxLock.swift in Sources */ = {isa = PBXBuildFile; fileRef = 1ACB4499241A8634002DB73B /* TestPsxLock.swift */; };
		1AEB6183242F391C00A6C2AB /* CoroutineScheduler+DispatchQueue.swift in Sources */ = {isa = PBXBuildFile; fileRef = 1AEB6182242F391C00A6C2AB /* CoroutineScheduler+DispatchQueue.swift */; };
		1AEB6184242F391C00A6C2AB /* CoroutineScheduler+DispatchQueue.swift in Sources */ = {isa = PBXBuildFile; fileRef = 1AEB6182242F391C00A6C2AB /* CoroutineScheduler+DispatchQueue.swift */; };
		1AEC382323CA02C90000101A /* XCTOrderedExpectation.swift in Sources */ = {isa = PBXBuildFile; fileRef = 1AEC382223CA02C90000101A /* XCTOrderedExpectation.swift */; };
		1AEC382423CA02C90000101A /* XCTOrderedExpectation.swift in Sources */ = {isa = PBXBuildFile; fileRef = 1AEC382223CA02C90000101A /* XCTOrderedExpectation.swift */; };
		1AFFF6ED23C8BDEA0079FF73 /* CoFutureError.swift in Sources */ = {isa = PBXBuildFile; fileRef = 1AFFF6EC23C8BDEA0079FF73 /* CoFutureError.swift */; };
		1AFFF6EE23C8BDEA0079FF73 /* CoFutureError.swift in Sources */ = {isa = PBXBuildFile; fileRef = 1AFFF6EC23C8BDEA0079FF73 /* CoFutureError.swift */; };
		F8CD258F20199CF700952299 /* SwiftCoroutine.framework in Frameworks */ = {isa = PBXBuildFile; fileRef = F8CD258620199CF700952299 /* SwiftCoroutine.framework */; };
		F8CD25AB20199D1000952299 /* SwiftCoroutine.framework in Frameworks */ = {isa = PBXBuildFile; fileRef = F8CD25A220199D1000952299 /* SwiftCoroutine.framework */; };
		F8CD25E92019A01600952299 /* CCoroutine.c in Sources */ = {isa = PBXBuildFile; fileRef = F810EEFF1F8F2E1C00025AD1 /* CCoroutine.c */; };
		F8CD25EB2019A01F00952299 /* SwiftCoroutine.h in Headers */ = {isa = PBXBuildFile; fileRef = F8CCE8771F8E82E3007F191B /* SwiftCoroutine.h */; settings = {ATTRIBUTES = (Public, ); }; };
		F8CD25ED2019A0F800952299 /* CCoroutine.c in Sources */ = {isa = PBXBuildFile; fileRef = F810EEFF1F8F2E1C00025AD1 /* CCoroutine.c */; };
		F8CD25EF2019A0FD00952299 /* SwiftCoroutine.h in Headers */ = {isa = PBXBuildFile; fileRef = F8CCE8771F8E82E3007F191B /* SwiftCoroutine.h */; settings = {ATTRIBUTES = (Public, ); }; };
		F8CD25F92019A19A00952299 /* SwiftCoroutineTests.swift in Sources */ = {isa = PBXBuildFile; fileRef = F810EF0C1F8F302700025AD1 /* SwiftCoroutineTests.swift */; };
		F8DCC019206446B00050155E /* CCoroutine.h in Headers */ = {isa = PBXBuildFile; fileRef = F8DCC017206446B00050155E /* CCoroutine.h */; settings = {ATTRIBUTES = (Private, ); }; };
		F8DCC01C206451F70050155E /* CCoroutine.h in Headers */ = {isa = PBXBuildFile; fileRef = F8DCC017206446B00050155E /* CCoroutine.h */; settings = {ATTRIBUTES = (Private, ); }; };
/* End PBXBuildFile section */

/* Begin PBXContainerItemProxy section */
		F8CD259020199CF700952299 /* PBXContainerItemProxy */ = {
			isa = PBXContainerItemProxy;
			containerPortal = F8CCE86B1F8E82E3007F191B /* Project object */;
			proxyType = 1;
			remoteGlobalIDString = F8CD258520199CF700952299;
			remoteInfo = "Once iOS";
		};
		F8CD25AC20199D1000952299 /* PBXContainerItemProxy */ = {
			isa = PBXContainerItemProxy;
			containerPortal = F8CCE86B1F8E82E3007F191B /* Project object */;
			proxyType = 1;
			remoteGlobalIDString = F8CD25A120199D1000952299;
			remoteInfo = "Once macOS";
		};
/* End PBXContainerItemProxy section */

/* Begin PBXFileReference section */
		1A037A172440EA8A00816D23 /* CoroutineDispatcherTests.swift */ = {isa = PBXFileReference; lastKnownFileType = sourcecode.swift; path = CoroutineDispatcherTests.swift; sourceTree = "<group>"; };
		1A037A1A2440ED2300816D23 /* URLSessionTests.swift */ = {isa = PBXFileReference; lastKnownFileType = sourcecode.swift; path = URLSessionTests.swift; sourceTree = "<group>"; };
		1A109B66241D5E400024C32C /* URLSession+CoFuture.swift */ = {isa = PBXFileReference; lastKnownFileType = sourcecode.swift; path = "URLSession+CoFuture.swift"; sourceTree = "<group>"; };
		1A14B1D1244A3B890046A239 /* BlockingFifoQueue.swift */ = {isa = PBXFileReference; lastKnownFileType = sourcecode.swift; path = BlockingFifoQueue.swift; sourceTree = "<group>"; };
		1A14B1D4244A3BCA0046A239 /* AtomicTuple.swift */ = {isa = PBXFileReference; lastKnownFileType = sourcecode.swift; path = AtomicTuple.swift; sourceTree = "<group>"; };
		1A25981E2437627F00AFA1E2 /* SharedCoroutineDispatcher.swift */ = {isa = PBXFileReference; lastKnownFileType = sourcecode.swift; path = SharedCoroutineDispatcher.swift; sourceTree = "<group>"; };
		1A2598212437661B00AFA1E2 /* SharedCoroutineQueue.swift */ = {isa = PBXFileReference; lastKnownFileType = sourcecode.swift; path = SharedCoroutineQueue.swift; sourceTree = "<group>"; };
		1A2598242437671600AFA1E2 /* SharedCoroutine.swift */ = {isa = PBXFileReference; lastKnownFileType = sourcecode.swift; path = SharedCoroutine.swift; sourceTree = "<group>"; };
		1A2D8D7B241EBD1A00ECC849 /* CoFuture+Combine.swift */ = {isa = PBXFileReference; lastKnownFileType = sourcecode.swift; path = "CoFuture+Combine.swift"; sourceTree = "<group>"; };
		1A2D8D7E241EBD3A00ECC849 /* CoSubscription.swift */ = {isa = PBXFileReference; lastKnownFileType = sourcecode.swift; path = CoSubscription.swift; sourceTree = "<group>"; };
		1A2D8D81241EBD5700ECC849 /* CoFuturePublisher.swift */ = {isa = PBXFileReference; lastKnownFileType = sourcecode.swift; path = CoFuturePublisher.swift; sourceTree = "<group>"; };
		1A2F0F572440BD7D00B5C9F1 /* CoFuture2+map.swift */ = {isa = PBXFileReference; lastKnownFileType = sourcecode.swift; path = "CoFuture2+map.swift"; sourceTree = "<group>"; };
		1A3583FE23DD796A0086A6E6 /* CoFuture3+whenComplete.swift */ = {isa = PBXFileReference; lastKnownFileType = sourcecode.swift; path = "CoFuture3+whenComplete.swift"; sourceTree = "<group>"; };
		1A363CBB2413D004000CF996 /* StackfullCoroutine.swift */ = {isa = PBXFileReference; lastKnownFileType = sourcecode.swift; path = StackfullCoroutine.swift; sourceTree = "<group>"; };
		1A363CBE2413D03B000CF996 /* CoroutineProtocol.swift */ = {isa = PBXFileReference; lastKnownFileType = sourcecode.swift; path = CoroutineProtocol.swift; sourceTree = "<group>"; };
		1A39C9502439E01600BEE57B /* PseudoCoroutine.swift */ = {isa = PBXFileReference; lastKnownFileType = sourcecode.swift; path = PseudoCoroutine.swift; sourceTree = "<group>"; };
		1A39C9532439E12E00BEE57B /* PsxCondition.swift */ = {isa = PBXFileReference; lastKnownFileType = sourcecode.swift; path = PsxCondition.swift; sourceTree = "<group>"; };
		1A39C979243A34AD00BEE57B /* PseudoCoroutineTests.swift */ = {isa = PBXFileReference; lastKnownFileType = sourcecode.swift; path = PseudoCoroutineTests.swift; sourceTree = "<group>"; };
		1A43084423C094EC001A89EA /* DispatchSourceTimer.swift */ = {isa = PBXFileReference; lastKnownFileType = sourcecode.swift; path = DispatchSourceTimer.swift; sourceTree = "<group>"; };
		1A47C24F23D73D3F004CC7B1 /* CoroutineTests.swift */ = {isa = PBXFileReference; lastKnownFileType = sourcecode.swift; path = CoroutineTests.swift; sourceTree = "<group>"; };
		1A4C6DAC2416AB2C00EF2974 /* FifoQueue.swift */ = {isa = PBXFileReference; lastKnownFileType = sourcecode.swift; path = FifoQueue.swift; sourceTree = "<group>"; };
		1A57BE6423CC867600639FDD /* CoroutineContextTests.swift */ = {isa = PBXFileReference; lastKnownFileType = sourcecode.swift; path = CoroutineContextTests.swift; sourceTree = "<group>"; };
		1A595BF323E87298009B62E7 /* CoroutineContextPool.swift */ = {isa = PBXFileReference; lastKnownFileType = sourcecode.swift; path = CoroutineContextPool.swift; sourceTree = "<group>"; };
		1A595BF823E8A2C7009B62E7 /* CoPromise.swift */ = {isa = PBXFileReference; lastKnownFileType = sourcecode.swift; path = CoPromise.swift; sourceTree = "<group>"; };
		1A64013D2433F0B900E4CECD /* AtomicInt.swift */ = {isa = PBXFileReference; lastKnownFileType = sourcecode.swift; path = AtomicInt.swift; sourceTree = "<group>"; };
		1A65BABA239CE05C004C1716 /* CoroutineContext.swift */ = {isa = PBXFileReference; lastKnownFileType = sourcecode.swift; path = CoroutineContext.swift; sourceTree = "<group>"; };
		1A68B4EE243B35C200482247 /* ThreadSafeFifoQueues.swift */ = {isa = PBXFileReference; lastKnownFileType = sourcecode.swift; path = ThreadSafeFifoQueues.swift; sourceTree = "<group>"; };
		1A6910C22421612400C546ED /* CoFutureCombineTests.swift */ = {isa = PBXFileReference; lastKnownFileType = sourcecode.swift; path = CoFutureCombineTests.swift; sourceTree = "<group>"; };
		1A71364C24215BBB00DC78FD /* CoFutureAwaitTests.swift */ = {isa = PBXFileReference; lastKnownFileType = sourcecode.swift; path = CoFutureAwaitTests.swift; sourceTree = "<group>"; };
		1A739ACF23B1555A00165280 /* Coroutine+StackSize.swift */ = {isa = PBXFileReference; lastKnownFileType = sourcecode.swift; path = "Coroutine+StackSize.swift"; sourceTree = "<group>"; };
		1A790E8323E5D7A9007056EC /* Coroutine.swift */ = {isa = PBXFileReference; lastKnownFileType = sourcecode.swift; path = Coroutine.swift; sourceTree = "<group>"; };
		1A790E8723E6D167007056EC /* PsxLock.swift */ = {isa = PBXFileReference; lastKnownFileType = sourcecode.swift; path = PsxLock.swift; sourceTree = "<group>"; };
		1A79BA8A23E421AB00406AE7 /* CoFutureTests.swift */ = {isa = PBXFileReference; lastKnownFileType = sourcecode.swift; path = CoFutureTests.swift; sourceTree = "<group>"; };
		1A8129A42417D49900AE061C /* CoroutineDispatcher.swift */ = {isa = PBXFileReference; lastKnownFileType = sourcecode.swift; path = CoroutineDispatcher.swift; sourceTree = "<group>"; };
		1A8129A72417D56700AE061C /* Constants.swift */ = {isa = PBXFileReference; lastKnownFileType = sourcecode.swift; path = Constants.swift; sourceTree = "<group>"; };
		1A8FF4922431E932004077E8 /* CoroutineSchedulerTests.swift */ = {isa = PBXFileReference; lastKnownFileType = sourcecode.swift; path = CoroutineSchedulerTests.swift; sourceTree = "<group>"; };
		1A934FBA23902A5300155B71 /* URL+Extensions.swift */ = {isa = PBXFileReference; lastKnownFileType = sourcecode.swift; path = "URL+Extensions.swift"; sourceTree = "<group>"; };
		1A934FC3239031C000155B71 /* XCTAssertContains.swift */ = {isa = PBXFileReference; lastKnownFileType = sourcecode.swift; path = XCTAssertContains.swift; sourceTree = "<group>"; };
		1A993207242022D100B3BF32 /* CoFuture4+hashable.swift */ = {isa = PBXFileReference; lastKnownFileType = sourcecode.swift; path = "CoFuture4+hashable.swift"; sourceTree = "<group>"; };
		1A9C14DD23BB824400E13203 /* CoFuture1+await.swift */ = {isa = PBXFileReference; lastKnownFileType = sourcecode.swift; path = "CoFuture1+await.swift"; sourceTree = "<group>"; };
		1AAC4880242C98E200AE9AA9 /* CoroutineScheduler.swift */ = {isa = PBXFileReference; lastKnownFileType = sourcecode.swift; path = CoroutineScheduler.swift; sourceTree = "<group>"; };
		1AAECA5523DD703400DED77D /* CoFuture.swift */ = {isa = PBXFileReference; lastKnownFileType = sourcecode.swift; path = CoFuture.swift; sourceTree = "<group>"; };
		1ABD0672242A368F00A22764 /* AtomicEnum.swift */ = {isa = PBXFileReference; lastKnownFileType = sourcecode.swift; path = AtomicEnum.swift; sourceTree = "<group>"; };
		1AC3578723E85A0100EC2A50 /* CoFutureCancelTests.swift */ = {isa = PBXFileReference; lastKnownFileType = sourcecode.swift; path = CoFutureCancelTests.swift; sourceTree = "<group>"; };
		1AC3578D23E85E7600EC2A50 /* CoPromiseTests.swift */ = {isa = PBXFileReference; lastKnownFileType = sourcecode.swift; path = CoPromiseTests.swift; sourceTree = "<group>"; };
		1ACB4493241A7E34002DB73B /* TestFifoQueue.swift */ = {isa = PBXFileReference; lastKnownFileType = sourcecode.swift; path = TestFifoQueue.swift; sourceTree = "<group>"; };
		1ACB4496241A8377002DB73B /* TestAtomic.swift */ = {isa = PBXFileReference; lastKnownFileType = sourcecode.swift; path = TestAtomic.swift; sourceTree = "<group>"; };
		1ACB4499241A8634002DB73B /* TestPsxLock.swift */ = {isa = PBXFileReference; lastKnownFileType = sourcecode.swift; path = TestPsxLock.swift; sourceTree = "<group>"; };
		1AEB617E242E4B3400A6C2AB /* SwiftCoroutine macOS.xctestplan */ = {isa = PBXFileReference; lastKnownFileType = text; name = "SwiftCoroutine macOS.xctestplan"; path = "Tests/SwiftCoroutine macOS.xctestplan"; sourceTree = "<group>"; };
		1AEB6182242F391C00A6C2AB /* CoroutineScheduler+DispatchQueue.swift */ = {isa = PBXFileReference; lastKnownFileType = sourcecode.swift; path = "CoroutineScheduler+DispatchQueue.swift"; sourceTree = "<group>"; };
		1AEC382223CA02C90000101A /* XCTOrderedExpectation.swift */ = {isa = PBXFileReference; lastKnownFileType = sourcecode.swift; path = XCTOrderedExpectation.swift; sourceTree = "<group>"; };
		1AFFF6EC23C8BDEA0079FF73 /* CoFutureError.swift */ = {isa = PBXFileReference; lastKnownFileType = sourcecode.swift; path = CoFutureError.swift; sourceTree = "<group>"; };
		F810EEFA1F8F2B3E00025AD1 /* LICENCE */ = {isa = PBXFileReference; lastKnownFileType = text; path = LICENCE; sourceTree = "<group>"; };
		F810EEFB1F8F2B4D00025AD1 /* README.md */ = {isa = PBXFileReference; lastKnownFileType = net.daringfireball.markdown; path = README.md; sourceTree = "<group>"; };
		F810EEFF1F8F2E1C00025AD1 /* CCoroutine.c */ = {isa = PBXFileReference; lastKnownFileType = sourcecode.c.c; path = CCoroutine.c; sourceTree = "<group>"; };
		F810EF0C1F8F302700025AD1 /* SwiftCoroutineTests.swift */ = {isa = PBXFileReference; lastKnownFileType = sourcecode.swift; path = SwiftCoroutineTests.swift; sourceTree = "<group>"; };
		F810EF0E1F8F302700025AD1 /* Info.plist */ = {isa = PBXFileReference; lastKnownFileType = text.plist.xml; path = Info.plist; sourceTree = "<group>"; };
		F8CCE8771F8E82E3007F191B /* SwiftCoroutine.h */ = {isa = PBXFileReference; lastKnownFileType = sourcecode.c.h; path = SwiftCoroutine.h; sourceTree = "<group>"; };
		F8CCE8781F8E82E3007F191B /* Info.plist */ = {isa = PBXFileReference; lastKnownFileType = text.plist.xml; path = Info.plist; sourceTree = "<group>"; };
		F8CD258620199CF700952299 /* SwiftCoroutine.framework */ = {isa = PBXFileReference; explicitFileType = wrapper.framework; includeInIndex = 0; path = SwiftCoroutine.framework; sourceTree = BUILT_PRODUCTS_DIR; };
		F8CD258E20199CF700952299 /* SwiftCoroutine iOSTests.xctest */ = {isa = PBXFileReference; explicitFileType = wrapper.cfbundle; includeInIndex = 0; path = "SwiftCoroutine iOSTests.xctest"; sourceTree = BUILT_PRODUCTS_DIR; };
		F8CD25A220199D1000952299 /* SwiftCoroutine.framework */ = {isa = PBXFileReference; explicitFileType = wrapper.framework; includeInIndex = 0; path = SwiftCoroutine.framework; sourceTree = BUILT_PRODUCTS_DIR; };
		F8CD25AA20199D1000952299 /* SwiftCoroutine macOSTests.xctest */ = {isa = PBXFileReference; explicitFileType = wrapper.cfbundle; includeInIndex = 0; path = "SwiftCoroutine macOSTests.xctest"; sourceTree = BUILT_PRODUCTS_DIR; };
		F8CD25E820199EF300952299 /* LinuxMain.swift */ = {isa = PBXFileReference; lastKnownFileType = sourcecode.swift; path = LinuxMain.swift; sourceTree = "<group>"; };
		F8DCC017206446B00050155E /* CCoroutine.h */ = {isa = PBXFileReference; fileEncoding = 4; lastKnownFileType = sourcecode.c.h; path = CCoroutine.h; sourceTree = "<group>"; };
		F8DCC018206446B00050155E /* module.modulemap */ = {isa = PBXFileReference; fileEncoding = 4; lastKnownFileType = "sourcecode.module-map"; path = module.modulemap; sourceTree = "<group>"; };
		F8DCC01A206448620050155E /* Package.swift */ = {isa = PBXFileReference; fileEncoding = 4; lastKnownFileType = sourcecode.swift; path = Package.swift; sourceTree = "<group>"; };
/* End PBXFileReference section */

/* Begin PBXFrameworksBuildPhase section */
		F8CD258220199CF700952299 /* Frameworks */ = {
			isa = PBXFrameworksBuildPhase;
			buildActionMask = 2147483647;
			files = (
			);
			runOnlyForDeploymentPostprocessing = 0;
		};
		F8CD258B20199CF700952299 /* Frameworks */ = {
			isa = PBXFrameworksBuildPhase;
			buildActionMask = 2147483647;
			files = (
				F8CD258F20199CF700952299 /* SwiftCoroutine.framework in Frameworks */,
			);
			runOnlyForDeploymentPostprocessing = 0;
		};
		F8CD259E20199D1000952299 /* Frameworks */ = {
			isa = PBXFrameworksBuildPhase;
			buildActionMask = 2147483647;
			files = (
			);
			runOnlyForDeploymentPostprocessing = 0;
		};
		F8CD25A720199D1000952299 /* Frameworks */ = {
			isa = PBXFrameworksBuildPhase;
			buildActionMask = 2147483647;
			files = (
				F8CD25AB20199D1000952299 /* SwiftCoroutine.framework in Frameworks */,
			);
			runOnlyForDeploymentPostprocessing = 0;
		};
/* End PBXFrameworksBuildPhase section */

/* Begin PBXGroup section */
		1A03F81D23BB24C90072C843 /* Helpers */ = {
			isa = PBXGroup;
			children = (
				1A14B1D9244A3C1D0046A239 /* Posix */,
				1A14B1D8244A3C100046A239 /* FifoQueue */,
				1A14B1D7244A3BF90046A239 /* Atomic */,
				1A43084423C094EC001A89EA /* DispatchSourceTimer.swift */,
				1A8129A72417D56700AE061C /* Constants.swift */,
			);
			path = Helpers;
			sourceTree = "<group>";
		};
		1A14B1D7244A3BF90046A239 /* Atomic */ = {
			isa = PBXGroup;
			children = (
				1A64013D2433F0B900E4CECD /* AtomicInt.swift */,
				1ABD0672242A368F00A22764 /* AtomicEnum.swift */,
				1A14B1D4244A3BCA0046A239 /* AtomicTuple.swift */,
			);
			path = Atomic;
			sourceTree = "<group>";
		};
		1A14B1D8244A3C100046A239 /* FifoQueue */ = {
			isa = PBXGroup;
			children = (
				1A4C6DAC2416AB2C00EF2974 /* FifoQueue.swift */,
				1A68B4EE243B35C200482247 /* ThreadSafeFifoQueues.swift */,
				1A14B1D1244A3B890046A239 /* BlockingFifoQueue.swift */,
			);
			path = FifoQueue;
			sourceTree = "<group>";
		};
		1A14B1D9244A3C1D0046A239 /* Posix */ = {
			isa = PBXGroup;
			children = (
				1A790E8723E6D167007056EC /* PsxLock.swift */,
				1A39C9532439E12E00BEE57B /* PsxCondition.swift */,
			);
			path = Posix;
			sourceTree = "<group>";
		};
		1A25981D2437625100AFA1E2 /* SharedCoroutineDispatcher */ = {
			isa = PBXGroup;
			children = (
				1A25981E2437627F00AFA1E2 /* SharedCoroutineDispatcher.swift */,
				1A2598212437661B00AFA1E2 /* SharedCoroutineQueue.swift */,
				1A2598242437671600AFA1E2 /* SharedCoroutine.swift */,
			);
			path = SharedCoroutineDispatcher;
			sourceTree = "<group>";
		};
		1A2D8D7A241EBCFC00ECC849 /* Combine */ = {
			isa = PBXGroup;
			children = (
				1A2D8D7B241EBD1A00ECC849 /* CoFuture+Combine.swift */,
				1A2D8D81241EBD5700ECC849 /* CoFuturePublisher.swift */,
				1A2D8D7E241EBD3A00ECC849 /* CoSubscription.swift */,
			);
			path = Combine;
			sourceTree = "<group>";
		};
		1A363CBA2413CFD6000CF996 /* Stackfull */ = {
			isa = PBXGroup;
			children = (
				1A595BF323E87298009B62E7 /* CoroutineContextPool.swift */,
				1A363CBB2413D004000CF996 /* StackfullCoroutine.swift */,
			);
			path = Stackfull;
			sourceTree = "<group>";
		};
		1A363CC42413D0BB000CF996 /* Context */ = {
			isa = PBXGroup;
			children = (
				1A65BABA239CE05C004C1716 /* CoroutineContext.swift */,
			);
			path = Context;
			sourceTree = "<group>";
		};
		1A363CC62413D10B000CF996 /* Coroutine */ = {
			isa = PBXGroup;
			children = (
				1A790E8323E5D7A9007056EC /* Coroutine.swift */,
				1A739ACF23B1555A00165280 /* Coroutine+StackSize.swift */,
			);
			path = Coroutine;
			sourceTree = "<group>";
		};
		1A57BE6323CC865800639FDD /* Coroutine */ = {
			isa = PBXGroup;
			children = (
				1A57BE6423CC867600639FDD /* CoroutineContextTests.swift */,
				1A47C24F23D73D3F004CC7B1 /* CoroutineTests.swift */,
				1A8FF4922431E932004077E8 /* CoroutineSchedulerTests.swift */,
				1A39C979243A34AD00BEE57B /* PseudoCoroutineTests.swift */,
				1A037A172440EA8A00816D23 /* CoroutineDispatcherTests.swift */,
			);
			path = Coroutine;
			sourceTree = "<group>";
		};
		1A599E51241ACD7B007E744F /* CoroutineProtocol */ = {
			isa = PBXGroup;
			children = (
				1A363CBE2413D03B000CF996 /* CoroutineProtocol.swift */,
			);
			path = CoroutineProtocol;
			sourceTree = "<group>";
		};
		1A68B4EB243A55EE00482247 /* Extensions */ = {
			isa = PBXGroup;
			children = (
				1A109B66241D5E400024C32C /* URLSession+CoFuture.swift */,
			);
			path = Extensions;
			sourceTree = "<group>";
		};
		1A79BA8923E4219800406AE7 /* CoFutureTests */ = {
			isa = PBXGroup;
			children = (
				1A79BA8A23E421AB00406AE7 /* CoFutureTests.swift */,
				1AC3578D23E85E7600EC2A50 /* CoPromiseTests.swift */,
				1AC3578723E85A0100EC2A50 /* CoFutureCancelTests.swift */,
				1A71364C24215BBB00DC78FD /* CoFutureAwaitTests.swift */,
				1A6910C22421612400C546ED /* CoFutureCombineTests.swift */,
			);
			path = CoFutureTests;
			sourceTree = "<group>";
		};
		1A91D5DB2426352E00AC4E1C /* Frameworks */ = {
			isa = PBXGroup;
			children = (
			);
			name = Frameworks;
			sourceTree = "<group>";
		};
		1A934FB6239029A300155B71 /* Extensions */ = {
			isa = PBXGroup;
			children = (
				1A934FBA23902A5300155B71 /* URL+Extensions.swift */,
				1A934FC3239031C000155B71 /* XCTAssertContains.swift */,
				1AEC382223CA02C90000101A /* XCTOrderedExpectation.swift */,
			);
			path = Extensions;
			sourceTree = "<group>";
		};
		1A9C14D323BB4EF300E13203 /* CoFuture */ = {
			isa = PBXGroup;
			children = (
				1A68B4EB243A55EE00482247 /* Extensions */,
				1ADBC5CE23E4A2D8007BCA7C /* Core */,
				1ADBC5CD23E4A21C007BCA7C /* Operators */,
				1AFFF6EC23C8BDEA0079FF73 /* CoFutureError.swift */,
			);
			path = CoFuture;
			sourceTree = "<group>";
		};
		1AAC4883242CD2C100AE9AA9 /* TaskScheduler */ = {
			isa = PBXGroup;
			children = (
				1AAC4880242C98E200AE9AA9 /* CoroutineScheduler.swift */,
				1AEB6182242F391C00A6C2AB /* CoroutineScheduler+DispatchQueue.swift */,
			);
			path = TaskScheduler;
			sourceTree = "<group>";
		};
		1ABBDF8323E3219C007ADBA3 /* CoroutineDispatcher */ = {
			isa = PBXGroup;
			children = (
				1A8129A42417D49900AE061C /* CoroutineDispatcher.swift */,
			);
			path = CoroutineDispatcher;
			sourceTree = "<group>";
		};
		1ACB4492241A7B34002DB73B /* Helpers */ = {
			isa = PBXGroup;
			children = (
				1ACB4493241A7E34002DB73B /* TestFifoQueue.swift */,
				1ACB4496241A8377002DB73B /* TestAtomic.swift */,
				1ACB4499241A8634002DB73B /* TestPsxLock.swift */,
				1A037A1A2440ED2300816D23 /* URLSessionTests.swift */,
			);
			path = Helpers;
			sourceTree = "<group>";
		};
		1ADBC5CD23E4A21C007BCA7C /* Operators */ = {
			isa = PBXGroup;
			children = (
				1A2D8D7A241EBCFC00ECC849 /* Combine */,
				1A2F0F572440BD7D00B5C9F1 /* CoFuture2+map.swift */,
				1A3583FE23DD796A0086A6E6 /* CoFuture3+whenComplete.swift */,
				1A9C14DD23BB824400E13203 /* CoFuture1+await.swift */,
				1A993207242022D100B3BF32 /* CoFuture4+hashable.swift */,
			);
			path = Operators;
			sourceTree = "<group>";
		};
		1ADBC5CE23E4A2D8007BCA7C /* Core */ = {
			isa = PBXGroup;
			children = (
				1AAECA5523DD703400DED77D /* CoFuture.swift */,
				1A595BF823E8A2C7009B62E7 /* CoPromise.swift */,
			);
			path = Core;
			sourceTree = "<group>";
		};
		1AFF9F352387D835002DD893 /* Coroutine */ = {
			isa = PBXGroup;
			children = (
				1A25981D2437625100AFA1E2 /* SharedCoroutineDispatcher */,
				1AAC4883242CD2C100AE9AA9 /* TaskScheduler */,
				1A599E51241ACD7B007E744F /* CoroutineProtocol */,
				1ABBDF8323E3219C007ADBA3 /* CoroutineDispatcher */,
				1A363CC62413D10B000CF996 /* Coroutine */,
				1A363CC42413D0BB000CF996 /* Context */,
				1A363CBA2413CFD6000CF996 /* Stackfull */,
				1A39C9502439E01600BEE57B /* PseudoCoroutine.swift */,
			);
			path = Coroutine;
			sourceTree = "<group>";
		};
		F810EEFD1F8F2D9000025AD1 /* CCoroutine */ = {
			isa = PBXGroup;
			children = (
				F8DCC015206446B00050155E /* include */,
				F810EEFF1F8F2E1C00025AD1 /* CCoroutine.c */,
			);
			path = CCoroutine;
			sourceTree = "<group>";
		};
		F810EF031F8F2E4700025AD1 /* SwiftCoroutine */ = {
			isa = PBXGroup;
			children = (
				1A03F81D23BB24C90072C843 /* Helpers */,
				1A9C14D323BB4EF300E13203 /* CoFuture */,
				1AFF9F352387D835002DD893 /* Coroutine */,
			);
			path = SwiftCoroutine;
			sourceTree = "<group>";
		};
		F810EF0B1F8F302700025AD1 /* SwiftCoroutineTests */ = {
			isa = PBXGroup;
			children = (
				1ACB4492241A7B34002DB73B /* Helpers */,
				1A79BA8923E4219800406AE7 /* CoFutureTests */,
				1A57BE6323CC865800639FDD /* Coroutine */,
				1A934FB6239029A300155B71 /* Extensions */,
				F810EF0E1F8F302700025AD1 /* Info.plist */,
				F810EF0C1F8F302700025AD1 /* SwiftCoroutineTests.swift */,
			);
			path = SwiftCoroutineTests;
			sourceTree = "<group>";
		};
		F8CCE86A1F8E82E3007F191B = {
			isa = PBXGroup;
			children = (
				1AEB617E242E4B3400A6C2AB /* SwiftCoroutine macOS.xctestplan */,
				F8DCC01A206448620050155E /* Package.swift */,
				F8CD25E520199E7300952299 /* Sources */,
				F8CD25E620199E7C00952299 /* Tests */,
				F8CCE8751F8E82E3007F191B /* Products */,
				F810EEFB1F8F2B4D00025AD1 /* README.md */,
				F810EEFA1F8F2B3E00025AD1 /* LICENCE */,
				1A91D5DB2426352E00AC4E1C /* Frameworks */,
			);
			sourceTree = "<group>";
		};
		F8CCE8751F8E82E3007F191B /* Products */ = {
			isa = PBXGroup;
			children = (
				F8CD258620199CF700952299 /* SwiftCoroutine.framework */,
				F8CD258E20199CF700952299 /* SwiftCoroutine iOSTests.xctest */,
				F8CD25A220199D1000952299 /* SwiftCoroutine.framework */,
				F8CD25AA20199D1000952299 /* SwiftCoroutine macOSTests.xctest */,
			);
			name = Products;
			sourceTree = "<group>";
		};
		F8CD25E520199E7300952299 /* Sources */ = {
			isa = PBXGroup;
			children = (
				F8CCE8771F8E82E3007F191B /* SwiftCoroutine.h */,
				F8DCC018206446B00050155E /* module.modulemap */,
				F8CCE8781F8E82E3007F191B /* Info.plist */,
				F810EEFD1F8F2D9000025AD1 /* CCoroutine */,
				F810EF031F8F2E4700025AD1 /* SwiftCoroutine */,
			);
			path = Sources;
			sourceTree = "<group>";
		};
		F8CD25E620199E7C00952299 /* Tests */ = {
			isa = PBXGroup;
			children = (
				F8CD25E820199EF300952299 /* LinuxMain.swift */,
				F810EF0B1F8F302700025AD1 /* SwiftCoroutineTests */,
			);
			path = Tests;
			sourceTree = "<group>";
		};
		F8DCC015206446B00050155E /* include */ = {
			isa = PBXGroup;
			children = (
				F8DCC017206446B00050155E /* CCoroutine.h */,
			);
			path = include;
			sourceTree = "<group>";
		};
/* End PBXGroup section */

/* Begin PBXHeadersBuildPhase section */
		F8CD258320199CF700952299 /* Headers */ = {
			isa = PBXHeadersBuildPhase;
			buildActionMask = 2147483647;
			files = (
				F8CD25EB2019A01F00952299 /* SwiftCoroutine.h in Headers */,
				F8DCC019206446B00050155E /* CCoroutine.h in Headers */,
			);
			runOnlyForDeploymentPostprocessing = 0;
		};
		F8CD259F20199D1000952299 /* Headers */ = {
			isa = PBXHeadersBuildPhase;
			buildActionMask = 2147483647;
			files = (
				F8CD25EF2019A0FD00952299 /* SwiftCoroutine.h in Headers */,
				F8DCC01C206451F70050155E /* CCoroutine.h in Headers */,
			);
			runOnlyForDeploymentPostprocessing = 0;
		};
/* End PBXHeadersBuildPhase section */

/* Begin PBXNativeTarget section */
		F8CD258520199CF700952299 /* SwiftCoroutine iOS */ = {
			isa = PBXNativeTarget;
			buildConfigurationList = F8CD259B20199CF700952299 /* Build configuration list for PBXNativeTarget "SwiftCoroutine iOS" */;
			buildPhases = (
				F8CD258120199CF700952299 /* Sources */,
				F8CD258220199CF700952299 /* Frameworks */,
				F8CD258320199CF700952299 /* Headers */,
				F8CD258420199CF700952299 /* Resources */,
			);
			buildRules = (
			);
			dependencies = (
			);
			name = "SwiftCoroutine iOS";
			productName = "Once iOS";
			productReference = F8CD258620199CF700952299 /* SwiftCoroutine.framework */;
			productType = "com.apple.product-type.framework";
		};
		F8CD258D20199CF700952299 /* SwiftCoroutine iOSTests */ = {
			isa = PBXNativeTarget;
			buildConfigurationList = F8CD259C20199CF700952299 /* Build configuration list for PBXNativeTarget "SwiftCoroutine iOSTests" */;
			buildPhases = (
				F8CD258A20199CF700952299 /* Sources */,
				F8CD258B20199CF700952299 /* Frameworks */,
				F8CD258C20199CF700952299 /* Resources */,
			);
			buildRules = (
			);
			dependencies = (
				F8CD259120199CF700952299 /* PBXTargetDependency */,
			);
			name = "SwiftCoroutine iOSTests";
			productName = "Once iOSTests";
			productReference = F8CD258E20199CF700952299 /* SwiftCoroutine iOSTests.xctest */;
			productType = "com.apple.product-type.bundle.unit-test";
		};
		F8CD25A120199D1000952299 /* SwiftCoroutine macOS */ = {
			isa = PBXNativeTarget;
			buildConfigurationList = F8CD25B320199D1000952299 /* Build configuration list for PBXNativeTarget "SwiftCoroutine macOS" */;
			buildPhases = (
				F8CD259D20199D1000952299 /* Sources */,
				F8CD259E20199D1000952299 /* Frameworks */,
				F8CD259F20199D1000952299 /* Headers */,
				F8CD25A020199D1000952299 /* Resources */,
			);
			buildRules = (
			);
			dependencies = (
			);
			name = "SwiftCoroutine macOS";
			productName = "Once macOS";
			productReference = F8CD25A220199D1000952299 /* SwiftCoroutine.framework */;
			productType = "com.apple.product-type.framework";
		};
		F8CD25A920199D1000952299 /* SwiftCoroutine macOSTests */ = {
			isa = PBXNativeTarget;
			buildConfigurationList = F8CD25B620199D1000952299 /* Build configuration list for PBXNativeTarget "SwiftCoroutine macOSTests" */;
			buildPhases = (
				F8CD25A620199D1000952299 /* Sources */,
				F8CD25A720199D1000952299 /* Frameworks */,
				F8CD25A820199D1000952299 /* Resources */,
			);
			buildRules = (
			);
			dependencies = (
				F8CD25AD20199D1000952299 /* PBXTargetDependency */,
			);
			name = "SwiftCoroutine macOSTests";
			packageProductDependencies = (
			);
			productName = "Once macOSTests";
			productReference = F8CD25AA20199D1000952299 /* SwiftCoroutine macOSTests.xctest */;
			productType = "com.apple.product-type.bundle.unit-test";
		};
/* End PBXNativeTarget section */

/* Begin PBXProject section */
		F8CCE86B1F8E82E3007F191B /* Project object */ = {
			isa = PBXProject;
			attributes = {
				LastSwiftUpdateCheck = 0920;
				LastUpgradeCheck = 1120;
				ORGANIZATIONNAME = "Alex Belozierov";
				TargetAttributes = {
					F8CD258520199CF700952299 = {
						CreatedOnToolsVersion = 9.2;
						LastSwiftMigration = 1120;
						ProvisioningStyle = Manual;
					};
					F8CD258D20199CF700952299 = {
						CreatedOnToolsVersion = 9.2;
						LastSwiftMigration = 1120;
						ProvisioningStyle = Manual;
					};
					F8CD25A120199D1000952299 = {
						CreatedOnToolsVersion = 9.2;
						ProvisioningStyle = Manual;
					};
					F8CD25A920199D1000952299 = {
						CreatedOnToolsVersion = 9.2;
						ProvisioningStyle = Manual;
					};
				};
			};
			buildConfigurationList = F8CCE86E1F8E82E3007F191B /* Build configuration list for PBXProject "SwiftCoroutine" */;
			compatibilityVersion = "Xcode 8.0";
			developmentRegion = en;
			hasScannedForEncodings = 0;
			knownRegions = (
				en,
				Base,
			);
			mainGroup = F8CCE86A1F8E82E3007F191B;
			packageReferences = (
			);
			productRefGroup = F8CCE8751F8E82E3007F191B /* Products */;
			projectDirPath = "";
			projectRoot = "";
			targets = (
				F8CD258520199CF700952299 /* SwiftCoroutine iOS */,
				F8CD258D20199CF700952299 /* SwiftCoroutine iOSTests */,
				F8CD25A120199D1000952299 /* SwiftCoroutine macOS */,
				F8CD25A920199D1000952299 /* SwiftCoroutine macOSTests */,
			);
		};
/* End PBXProject section */

/* Begin PBXResourcesBuildPhase section */
		F8CD258420199CF700952299 /* Resources */ = {
			isa = PBXResourcesBuildPhase;
			buildActionMask = 2147483647;
			files = (
			);
			runOnlyForDeploymentPostprocessing = 0;
		};
		F8CD258C20199CF700952299 /* Resources */ = {
			isa = PBXResourcesBuildPhase;
			buildActionMask = 2147483647;
			files = (
			);
			runOnlyForDeploymentPostprocessing = 0;
		};
		F8CD25A020199D1000952299 /* Resources */ = {
			isa = PBXResourcesBuildPhase;
			buildActionMask = 2147483647;
			files = (
			);
			runOnlyForDeploymentPostprocessing = 0;
		};
		F8CD25A820199D1000952299 /* Resources */ = {
			isa = PBXResourcesBuildPhase;
			buildActionMask = 2147483647;
			files = (
			);
			runOnlyForDeploymentPostprocessing = 0;
		};
/* End PBXResourcesBuildPhase section */

/* Begin PBXSourcesBuildPhase section */
		F8CD258120199CF700952299 /* Sources */ = {
			isa = PBXSourcesBuildPhase;
			buildActionMask = 2147483647;
			files = (
				1A595BF623E872D5009B62E7 /* CoroutineContextPool.swift in Sources */,
				1AAC4881242C98E200AE9AA9 /* CoroutineScheduler.swift in Sources */,
				1A739AD023B1555A00165280 /* Coroutine+StackSize.swift in Sources */,
				1A39C9512439E01600BEE57B /* PseudoCoroutine.swift in Sources */,
				1A2598252437671600AFA1E2 /* SharedCoroutine.swift in Sources */,
				1A595BFB23E8A31F009B62E7 /* CoPromise.swift in Sources */,
				1A993208242022D100B3BF32 /* CoFuture4+hashable.swift in Sources */,
				1A64013E2433F0B900E4CECD /* AtomicInt.swift in Sources */,
				1A68B4EF243B35C200482247 /* ThreadSafeFifoQueues.swift in Sources */,
				1A2F0F582440BD7D00B5C9F1 /* CoFuture2+map.swift in Sources */,
				1A68B4EC243A6DC500482247 /* URLSession+CoFuture.swift in Sources */,
				1A14B1D5244A3BCA0046A239 /* AtomicTuple.swift in Sources */,
				1A2D8D7C241EBD1A00ECC849 /* CoFuture+Combine.swift in Sources */,
				1A2D8D82241EBD5700ECC849 /* CoFuturePublisher.swift in Sources */,
				1A2598222437661B00AFA1E2 /* SharedCoroutineQueue.swift in Sources */,
				1A3583FF23DD796A0086A6E6 /* CoFuture3+whenComplete.swift in Sources */,
				1A4C6DAD2416AB2C00EF2974 /* FifoQueue.swift in Sources */,
				1AAECA5623DD703400DED77D /* CoFuture.swift in Sources */,
				1A2D8D7F241EBD3A00ECC849 /* CoSubscription.swift in Sources */,
				1A25981F2437627F00AFA1E2 /* SharedCoroutineDispatcher.swift in Sources */,
				1AEB6183242F391C00A6C2AB /* CoroutineScheduler+DispatchQueue.swift in Sources */,
				1AFFF6ED23C8BDEA0079FF73 /* CoFutureError.swift in Sources */,
				1A8129A52417D49900AE061C /* CoroutineDispatcher.swift in Sources */,
				1A14B1D2244A3B890046A239 /* BlockingFifoQueue.swift in Sources */,
				1A39C9542439E12E00BEE57B /* PsxCondition.swift in Sources */,
				F8CD25E92019A01600952299 /* CCoroutine.c in Sources */,
				1A43084523C094EC001A89EA /* DispatchSourceTimer.swift in Sources */,
				1A790E8423E5D7A9007056EC /* Coroutine.swift in Sources */,
				1A65BABB239CE05D004C1716 /* CoroutineContext.swift in Sources */,
				1A9C14DE23BB824400E13203 /* CoFuture1+await.swift in Sources */,
				1ABD0673242A368F00A22764 /* AtomicEnum.swift in Sources */,
				1A363CBF2413D03B000CF996 /* CoroutineProtocol.swift in Sources */,
				1A790E8823E6D167007056EC /* PsxLock.swift in Sources */,
				1A363CBC2413D004000CF996 /* StackfullCoroutine.swift in Sources */,
				1A8129A82417D56700AE061C /* Constants.swift in Sources */,
			);
			runOnlyForDeploymentPostprocessing = 0;
		};
		F8CD258A20199CF700952299 /* Sources */ = {
			isa = PBXSourcesBuildPhase;
			buildActionMask = 2147483647;
			files = (
				1ACB4497241A8377002DB73B /* TestAtomic.swift in Sources */,
				1A934FC4239031C000155B71 /* XCTAssertContains.swift in Sources */,
				1ACB449A241A8634002DB73B /* TestPsxLock.swift in Sources */,
				1AC3578823E85A0100EC2A50 /* CoFutureCancelTests.swift in Sources */,
				1ACB4494241A7E34002DB73B /* TestFifoQueue.swift in Sources */,
				1A57BE6523CC867600639FDD /* CoroutineContextTests.swift in Sources */,
				1A6910C32421612400C546ED /* CoFutureCombineTests.swift in Sources */,
				1AEC382323CA02C90000101A /* XCTOrderedExpectation.swift in Sources */,
				1A037A1B2440ED2300816D23 /* URLSessionTests.swift in Sources */,
				1A47C25023D73D3F004CC7B1 /* CoroutineTests.swift in Sources */,
				1A39C97A243A34AD00BEE57B /* PseudoCoroutineTests.swift in Sources */,
				F8CD25F92019A19A00952299 /* SwiftCoroutineTests.swift in Sources */,
				1A934FBB23902A5300155B71 /* URL+Extensions.swift in Sources */,
				1A79BA8D23E421C700406AE7 /* CoFutureTests.swift in Sources */,
				1A71364D24215BBB00DC78FD /* CoFutureAwaitTests.swift in Sources */,
				1A037A182440EA8A00816D23 /* CoroutineDispatcherTests.swift in Sources */,
				1A8FF4932431E932004077E8 /* CoroutineSchedulerTests.swift in Sources */,
				1AC3578E23E85E7600EC2A50 /* CoPromiseTests.swift in Sources */,
			);
			runOnlyForDeploymentPostprocessing = 0;
		};
		F8CD259D20199D1000952299 /* Sources */ = {
			isa = PBXSourcesBuildPhase;
			buildActionMask = 2147483647;
			files = (
				1A595BF723E872D5009B62E7 /* CoroutineContextPool.swift in Sources */,
				1AAC4882242C98E200AE9AA9 /* CoroutineScheduler.swift in Sources */,
				1A739AD123B1555A00165280 /* Coroutine+StackSize.swift in Sources */,
				1A39C9522439E01600BEE57B /* PseudoCoroutine.swift in Sources */,
				1A2598262437671600AFA1E2 /* SharedCoroutine.swift in Sources */,
				1A595BFC23E8A320009B62E7 /* CoPromise.swift in Sources */,
				1A993209242022D100B3BF32 /* CoFuture4+hashable.swift in Sources */,
				1A64013F2433F0B900E4CECD /* AtomicInt.swift in Sources */,
				1A68B4F0243B35C200482247 /* ThreadSafeFifoQueues.swift in Sources */,
				1A2F0F592440BD7D00B5C9F1 /* CoFuture2+map.swift in Sources */,
				1A68B4ED243A6DC600482247 /* URLSession+CoFuture.swift in Sources */,
				1A14B1D6244A3BCA0046A239 /* AtomicTuple.swift in Sources */,
				1A2D8D7D241EBD1A00ECC849 /* CoFuture+Combine.swift in Sources */,
				1A2D8D83241EBD5700ECC849 /* CoFuturePublisher.swift in Sources */,
				1A2598232437661B00AFA1E2 /* SharedCoroutineQueue.swift in Sources */,
				1A35840023DD796A0086A6E6 /* CoFuture3+whenComplete.swift in Sources */,
				1A4C6DAE2416AB2C00EF2974 /* FifoQueue.swift in Sources */,
				1AAECA5723DD703400DED77D /* CoFuture.swift in Sources */,
				1A2D8D80241EBD3A00ECC849 /* CoSubscription.swift in Sources */,
				1A2598202437627F00AFA1E2 /* SharedCoroutineDispatcher.swift in Sources */,
				1AEB6184242F391C00A6C2AB /* CoroutineScheduler+DispatchQueue.swift in Sources */,
				1AFFF6EE23C8BDEA0079FF73 /* CoFutureError.swift in Sources */,
				1A65BAC2239CEFED004C1716 /* CoroutineContext.swift in Sources */,
				1A14B1D3244A3B890046A239 /* BlockingFifoQueue.swift in Sources */,
				1A39C9552439E12E00BEE57B /* PsxCondition.swift in Sources */,
				1A8129A62417D49900AE061C /* CoroutineDispatcher.swift in Sources */,
				F8CD25ED2019A0F800952299 /* CCoroutine.c in Sources */,
				1A790E8523E5D7A9007056EC /* Coroutine.swift in Sources */,
				1A43084623C094EC001A89EA /* DispatchSourceTimer.swift in Sources */,
				1A9C14DF23BB824400E13203 /* CoFuture1+await.swift in Sources */,
				1ABD0674242A368F00A22764 /* AtomicEnum.swift in Sources */,
				1A363CC02413D03B000CF996 /* CoroutineProtocol.swift in Sources */,
				1A790E8923E6D167007056EC /* PsxLock.swift in Sources */,
				1A363CBD2413D004000CF996 /* StackfullCoroutine.swift in Sources */,
				1A8129A92417D56700AE061C /* Constants.swift in Sources */,
			);
			runOnlyForDeploymentPostprocessing = 0;
		};
		F8CD25A620199D1000952299 /* Sources */ = {
			isa = PBXSourcesBuildPhase;
			buildActionMask = 2147483647;
			files = (
				1ACB4498241A8377002DB73B /* TestAtomic.swift in Sources */,
				1A934FC5239031C000155B71 /* XCTAssertContains.swift in Sources */,
				1ACB449B241A8634002DB73B /* TestPsxLock.swift in Sources */,
				1AC3578923E85A0100EC2A50 /* CoFutureCancelTests.swift in Sources */,
				1ACB4495241A7E34002DB73B /* TestFifoQueue.swift in Sources */,
				1A57BE6623CC867600639FDD /* CoroutineContextTests.swift in Sources */,
				1A6910C42421612400C546ED /* CoFutureCombineTests.swift in Sources */,
				1AEC382423CA02C90000101A /* XCTOrderedExpectation.swift in Sources */,
				1A037A1C2440ED2300816D23 /* URLSessionTests.swift in Sources */,
				1A47C25123D73D3F004CC7B1 /* CoroutineTests.swift in Sources */,
				1A39C97B243A34AD00BEE57B /* PseudoCoroutineTests.swift in Sources */,
				1A934FBC23902A5300155B71 /* URL+Extensions.swift in Sources */,
				1A94E5C223A3E6A300812AFD /* SwiftCoroutineTests.swift in Sources */,
				1A79BA8E23E421C800406AE7 /* CoFutureTests.swift in Sources */,
				1A71364E24215BBB00DC78FD /* CoFutureAwaitTests.swift in Sources */,
				1A037A192440EA8A00816D23 /* CoroutineDispatcherTests.swift in Sources */,
				1A8FF4942431E932004077E8 /* CoroutineSchedulerTests.swift in Sources */,
				1AC3578F23E85E7600EC2A50 /* CoPromiseTests.swift in Sources */,
			);
			runOnlyForDeploymentPostprocessing = 0;
		};
/* End PBXSourcesBuildPhase section */

/* Begin PBXTargetDependency section */
		F8CD259120199CF700952299 /* PBXTargetDependency */ = {
			isa = PBXTargetDependency;
			target = F8CD258520199CF700952299 /* SwiftCoroutine iOS */;
			targetProxy = F8CD259020199CF700952299 /* PBXContainerItemProxy */;
		};
		F8CD25AD20199D1000952299 /* PBXTargetDependency */ = {
			isa = PBXTargetDependency;
			target = F8CD25A120199D1000952299 /* SwiftCoroutine macOS */;
			targetProxy = F8CD25AC20199D1000952299 /* PBXContainerItemProxy */;
		};
/* End PBXTargetDependency section */

/* Begin XCBuildConfiguration section */
		F8CCE87A1F8E82E3007F191B /* Debug */ = {
			isa = XCBuildConfiguration;
			buildSettings = {
				ALWAYS_SEARCH_USER_PATHS = NO;
				CLANG_ANALYZER_NONNULL = YES;
				CLANG_ANALYZER_NUMBER_OBJECT_CONVERSION = YES_AGGRESSIVE;
				CLANG_CXX_LANGUAGE_STANDARD = "gnu++14";
				CLANG_CXX_LIBRARY = "libc++";
				CLANG_ENABLE_MODULES = YES;
				CLANG_ENABLE_OBJC_ARC = YES;
				CLANG_WARN_BLOCK_CAPTURE_AUTORELEASING = YES;
				CLANG_WARN_BOOL_CONVERSION = YES;
				CLANG_WARN_COMMA = YES;
				CLANG_WARN_CONSTANT_CONVERSION = YES;
				CLANG_WARN_DEPRECATED_OBJC_IMPLEMENTATIONS = YES;
				CLANG_WARN_DIRECT_OBJC_ISA_USAGE = YES_ERROR;
				CLANG_WARN_DOCUMENTATION_COMMENTS = YES;
				CLANG_WARN_EMPTY_BODY = YES;
				CLANG_WARN_ENUM_CONVERSION = YES;
				CLANG_WARN_INFINITE_RECURSION = YES;
				CLANG_WARN_INT_CONVERSION = YES;
				CLANG_WARN_NON_LITERAL_NULL_CONVERSION = YES;
				CLANG_WARN_OBJC_IMPLICIT_RETAIN_SELF = YES;
				CLANG_WARN_OBJC_LITERAL_CONVERSION = YES;
				CLANG_WARN_OBJC_ROOT_CLASS = YES_ERROR;
				CLANG_WARN_RANGE_LOOP_ANALYSIS = YES;
				CLANG_WARN_STRICT_PROTOTYPES = YES;
				CLANG_WARN_SUSPICIOUS_MOVE = YES;
				CLANG_WARN_UNGUARDED_AVAILABILITY = YES_AGGRESSIVE;
				CLANG_WARN_UNREACHABLE_CODE = YES;
				CLANG_WARN__DUPLICATE_METHOD_MATCH = YES;
				CODE_SIGN_IDENTITY = "iPhone Developer";
				COPY_PHASE_STRIP = NO;
				CURRENT_PROJECT_VERSION = 1;
				DEBUG_INFORMATION_FORMAT = dwarf;
				ENABLE_STRICT_OBJC_MSGSEND = YES;
				ENABLE_TESTABILITY = YES;
				GCC_C_LANGUAGE_STANDARD = gnu11;
				GCC_DYNAMIC_NO_PIC = NO;
				GCC_NO_COMMON_BLOCKS = YES;
				GCC_OPTIMIZATION_LEVEL = 0;
				GCC_PREPROCESSOR_DEFINITIONS = (
					"DEBUG=1",
					"$(inherited)",
				);
				GCC_WARN_64_TO_32_BIT_CONVERSION = YES;
				GCC_WARN_ABOUT_RETURN_TYPE = YES_ERROR;
				GCC_WARN_UNDECLARED_SELECTOR = YES;
				GCC_WARN_UNINITIALIZED_AUTOS = YES_AGGRESSIVE;
				GCC_WARN_UNUSED_FUNCTION = YES;
				GCC_WARN_UNUSED_VARIABLE = YES;
				IPHONEOS_DEPLOYMENT_TARGET = 11.0;
				MACOSX_DEPLOYMENT_TARGET = 10.13;
				MTL_ENABLE_DEBUG_INFO = YES;
				ONLY_ACTIVE_ARCH = YES;
				SDKROOT = iphoneos;
				SWIFT_ACTIVE_COMPILATION_CONDITIONS = DEBUG;
				SWIFT_OPTIMIZATION_LEVEL = "-Onone";
				VERSIONING_SYSTEM = "apple-generic";
				VERSION_INFO_PREFIX = "";
			};
			name = Debug;
		};
		F8CCE87B1F8E82E3007F191B /* Release */ = {
			isa = XCBuildConfiguration;
			buildSettings = {
				ALWAYS_SEARCH_USER_PATHS = NO;
				CLANG_ANALYZER_NONNULL = YES;
				CLANG_ANALYZER_NUMBER_OBJECT_CONVERSION = YES_AGGRESSIVE;
				CLANG_CXX_LANGUAGE_STANDARD = "gnu++14";
				CLANG_CXX_LIBRARY = "libc++";
				CLANG_ENABLE_MODULES = YES;
				CLANG_ENABLE_OBJC_ARC = YES;
				CLANG_WARN_BLOCK_CAPTURE_AUTORELEASING = YES;
				CLANG_WARN_BOOL_CONVERSION = YES;
				CLANG_WARN_COMMA = YES;
				CLANG_WARN_CONSTANT_CONVERSION = YES;
				CLANG_WARN_DEPRECATED_OBJC_IMPLEMENTATIONS = YES;
				CLANG_WARN_DIRECT_OBJC_ISA_USAGE = YES_ERROR;
				CLANG_WARN_DOCUMENTATION_COMMENTS = YES;
				CLANG_WARN_EMPTY_BODY = YES;
				CLANG_WARN_ENUM_CONVERSION = YES;
				CLANG_WARN_INFINITE_RECURSION = YES;
				CLANG_WARN_INT_CONVERSION = YES;
				CLANG_WARN_NON_LITERAL_NULL_CONVERSION = YES;
				CLANG_WARN_OBJC_IMPLICIT_RETAIN_SELF = YES;
				CLANG_WARN_OBJC_LITERAL_CONVERSION = YES;
				CLANG_WARN_OBJC_ROOT_CLASS = YES_ERROR;
				CLANG_WARN_RANGE_LOOP_ANALYSIS = YES;
				CLANG_WARN_STRICT_PROTOTYPES = YES;
				CLANG_WARN_SUSPICIOUS_MOVE = YES;
				CLANG_WARN_UNGUARDED_AVAILABILITY = YES_AGGRESSIVE;
				CLANG_WARN_UNREACHABLE_CODE = YES;
				CLANG_WARN__DUPLICATE_METHOD_MATCH = YES;
				CODE_SIGN_IDENTITY = "iPhone Developer";
				COPY_PHASE_STRIP = NO;
				CURRENT_PROJECT_VERSION = 1;
				DEBUG_INFORMATION_FORMAT = "dwarf-with-dsym";
				ENABLE_NS_ASSERTIONS = NO;
				ENABLE_STRICT_OBJC_MSGSEND = YES;
				GCC_C_LANGUAGE_STANDARD = gnu11;
				GCC_NO_COMMON_BLOCKS = YES;
				GCC_WARN_64_TO_32_BIT_CONVERSION = YES;
				GCC_WARN_ABOUT_RETURN_TYPE = YES_ERROR;
				GCC_WARN_UNDECLARED_SELECTOR = YES;
				GCC_WARN_UNINITIALIZED_AUTOS = YES_AGGRESSIVE;
				GCC_WARN_UNUSED_FUNCTION = YES;
				GCC_WARN_UNUSED_VARIABLE = YES;
				IPHONEOS_DEPLOYMENT_TARGET = 11.0;
				MACOSX_DEPLOYMENT_TARGET = 10.13;
				MTL_ENABLE_DEBUG_INFO = NO;
				SDKROOT = iphoneos;
				SWIFT_OPTIMIZATION_LEVEL = "-Owholemodule";
				VALIDATE_PRODUCT = YES;
				VERSIONING_SYSTEM = "apple-generic";
				VERSION_INFO_PREFIX = "";
			};
			name = Release;
		};
		F8CD259720199CF700952299 /* Debug */ = {
			isa = XCBuildConfiguration;
			buildSettings = {
				BUILD_LIBRARY_FOR_DISTRIBUTION = YES;
				CODE_SIGN_IDENTITY = "";
				CODE_SIGN_STYLE = Manual;
				DEFINES_MODULE = YES;
				DEVELOPMENT_TEAM = "";
				DYLIB_COMPATIBILITY_VERSION = 1;
				DYLIB_CURRENT_VERSION = 1;
				DYLIB_INSTALL_NAME_BASE = "@rpath";
				INFOPLIST_FILE = Sources/Info.plist;
				INSTALL_PATH = "$(LOCAL_LIBRARY_DIR)/Frameworks";
				IPHONEOS_DEPLOYMENT_TARGET = 11.0;
				LD_RUNPATH_SEARCH_PATHS = "$(inherited) @executable_path/Frameworks @loader_path/Frameworks";
				MACOSX_DEPLOYMENT_TARGET = 10.13;
				MARKETING_VERSION = 2.0.20;
				MODULEMAP_FILE = "${PROJECT_DIR}/Sources/module.modulemap";
				OTHER_CFLAGS = "-DXCODE_FRAMEWORK=1";
				PRODUCT_BUNDLE_IDENTIFIER = "Belozierov.SwiftCoroutine-iOS";
				PRODUCT_NAME = SwiftCoroutine;
				PROVISIONING_PROFILE_SPECIFIER = "";
				SKIP_INSTALL = YES;
				SWIFT_VERSION = 5.0;
				TARGETED_DEVICE_FAMILY = "1,2";
			};
			name = Debug;
		};
		F8CD259820199CF700952299 /* Release */ = {
			isa = XCBuildConfiguration;
			buildSettings = {
				BUILD_LIBRARY_FOR_DISTRIBUTION = YES;
				CODE_SIGN_IDENTITY = "";
				CODE_SIGN_STYLE = Manual;
				DEFINES_MODULE = YES;
				DEVELOPMENT_TEAM = "";
				DYLIB_COMPATIBILITY_VERSION = 1;
				DYLIB_CURRENT_VERSION = 1;
				DYLIB_INSTALL_NAME_BASE = "@rpath";
				INFOPLIST_FILE = Sources/Info.plist;
				INSTALL_PATH = "$(LOCAL_LIBRARY_DIR)/Frameworks";
				IPHONEOS_DEPLOYMENT_TARGET = 11.0;
				LD_RUNPATH_SEARCH_PATHS = "$(inherited) @executable_path/Frameworks @loader_path/Frameworks";
				MACOSX_DEPLOYMENT_TARGET = 10.13;
				MARKETING_VERSION = 2.0.20;
				MODULEMAP_FILE = "${PROJECT_DIR}/Sources/module.modulemap";
				OTHER_CFLAGS = "-DXCODE_FRAMEWORK=1";
				PRODUCT_BUNDLE_IDENTIFIER = "Belozierov.SwiftCoroutine-iOS";
				PRODUCT_NAME = SwiftCoroutine;
				PROVISIONING_PROFILE_SPECIFIER = "";
				SKIP_INSTALL = YES;
				SWIFT_ACTIVE_COMPILATION_CONDITIONS = "";
				SWIFT_VERSION = 5.0;
				TARGETED_DEVICE_FAMILY = "1,2";
			};
			name = Release;
		};
		F8CD259920199CF700952299 /* Debug */ = {
			isa = XCBuildConfiguration;
			buildSettings = {
				ALWAYS_EMBED_SWIFT_STANDARD_LIBRARIES = YES;
				CODE_SIGN_STYLE = Manual;
				DEVELOPMENT_TEAM = 2ZAT64L5ST;
				INFOPLIST_FILE = Tests/SwiftCoroutineTests/Info.plist;
				IPHONEOS_DEPLOYMENT_TARGET = 11.0;
				LD_RUNPATH_SEARCH_PATHS = "$(inherited) @executable_path/Frameworks @loader_path/Frameworks";
				MACOSX_DEPLOYMENT_TARGET = 10.13;
				PRODUCT_BUNDLE_IDENTIFIER = "Belozierov.SwiftCoroutine-iOSTests";
				PRODUCT_NAME = "$(TARGET_NAME)";
				PROVISIONING_PROFILE_SPECIFIER = "";
				SWIFT_VERSION = 5.0;
				TARGETED_DEVICE_FAMILY = "1,2";
			};
			name = Debug;
		};
		F8CD259A20199CF700952299 /* Release */ = {
			isa = XCBuildConfiguration;
			buildSettings = {
				ALWAYS_EMBED_SWIFT_STANDARD_LIBRARIES = YES;
				CODE_SIGN_STYLE = Manual;
				DEVELOPMENT_TEAM = 2ZAT64L5ST;
				INFOPLIST_FILE = Tests/SwiftCoroutineTests/Info.plist;
				IPHONEOS_DEPLOYMENT_TARGET = 11.0;
				LD_RUNPATH_SEARCH_PATHS = "$(inherited) @executable_path/Frameworks @loader_path/Frameworks";
				MACOSX_DEPLOYMENT_TARGET = 10.13;
				PRODUCT_BUNDLE_IDENTIFIER = "Belozierov.SwiftCoroutine-iOSTests";
				PRODUCT_NAME = "$(TARGET_NAME)";
				PROVISIONING_PROFILE_SPECIFIER = "";
				SWIFT_VERSION = 5.0;
				TARGETED_DEVICE_FAMILY = "1,2";
			};
			name = Release;
		};
		F8CD25B420199D1000952299 /* Debug */ = {
			isa = XCBuildConfiguration;
			buildSettings = {
				BUILD_LIBRARY_FOR_DISTRIBUTION = YES;
				CODE_SIGN_IDENTITY = "";
				CODE_SIGN_STYLE = Manual;
				COMBINE_HIDPI_IMAGES = YES;
				DEFINES_MODULE = YES;
				DEVELOPMENT_TEAM = "";
				DYLIB_COMPATIBILITY_VERSION = 1;
				DYLIB_CURRENT_VERSION = 1;
				DYLIB_INSTALL_NAME_BASE = "@rpath";
				FRAMEWORK_VERSION = A;
				INFOPLIST_FILE = Sources/Info.plist;
				INSTALL_PATH = "$(LOCAL_LIBRARY_DIR)/Frameworks";
				IPHONEOS_DEPLOYMENT_TARGET = 11.0;
				LD_RUNPATH_SEARCH_PATHS = "$(inherited) @executable_path/../Frameworks @loader_path/Frameworks";
				MACOSX_DEPLOYMENT_TARGET = 10.13;
				MARKETING_VERSION = 2.0.20;
				MODULEMAP_FILE = "${PROJECT_DIR}/Sources/module.modulemap";
				OTHER_CFLAGS = "-DXCODE_FRAMEWORK=1";
				PRODUCT_BUNDLE_IDENTIFIER = "Belozierov.SwiftCoroutine-macOS";
				PRODUCT_NAME = SwiftCoroutine;
				PROVISIONING_PROFILE_SPECIFIER = "";
				SDKROOT = macosx;
				SKIP_INSTALL = YES;
				SWIFT_SWIFT3_OBJC_INFERENCE = Off;
				SWIFT_VERSION = 5.0;
			};
			name = Debug;
		};
		F8CD25B520199D1000952299 /* Release */ = {
			isa = XCBuildConfiguration;
			buildSettings = {
				BUILD_LIBRARY_FOR_DISTRIBUTION = YES;
				CODE_SIGN_IDENTITY = "";
				CODE_SIGN_STYLE = Manual;
				COMBINE_HIDPI_IMAGES = YES;
				DEFINES_MODULE = YES;
				DEVELOPMENT_TEAM = "";
				DYLIB_COMPATIBILITY_VERSION = 1;
				DYLIB_CURRENT_VERSION = 1;
				DYLIB_INSTALL_NAME_BASE = "@rpath";
				ENABLE_TESTABILITY = YES;
				FRAMEWORK_VERSION = A;
				INFOPLIST_FILE = Sources/Info.plist;
				INSTALL_PATH = "$(LOCAL_LIBRARY_DIR)/Frameworks";
				IPHONEOS_DEPLOYMENT_TARGET = 11.0;
				LD_RUNPATH_SEARCH_PATHS = "$(inherited) @executable_path/../Frameworks @loader_path/Frameworks";
				MACOSX_DEPLOYMENT_TARGET = 10.13;
				MARKETING_VERSION = 2.0.20;
				MODULEMAP_FILE = "${PROJECT_DIR}/Sources/module.modulemap";
				OTHER_CFLAGS = "-DXCODE_FRAMEWORK=1";
				PRODUCT_BUNDLE_IDENTIFIER = "Belozierov.SwiftCoroutine-macOS";
				PRODUCT_NAME = SwiftCoroutine;
				PROVISIONING_PROFILE_SPECIFIER = "";
				SDKROOT = macosx;
				SKIP_INSTALL = YES;
				SWIFT_SWIFT3_OBJC_INFERENCE = Off;
				SWIFT_VERSION = 5.0;
			};
			name = Release;
		};
		F8CD25B720199D1000952299 /* Debug */ = {
			isa = XCBuildConfiguration;
			buildSettings = {
				ALWAYS_EMBED_SWIFT_STANDARD_LIBRARIES = YES;
				CODE_SIGN_IDENTITY = "-";
				CODE_SIGN_STYLE = Manual;
				COMBINE_HIDPI_IMAGES = YES;
				DEVELOPMENT_TEAM = "";
				INFOPLIST_FILE = Tests/SwiftCoroutineTests/Info.plist;
				IPHONEOS_DEPLOYMENT_TARGET = 11.0;
				LD_RUNPATH_SEARCH_PATHS = "$(inherited) @executable_path/../Frameworks @loader_path/../Frameworks";
				MACOSX_DEPLOYMENT_TARGET = 10.13;
				PRODUCT_BUNDLE_IDENTIFIER = "BBelozierov.SwiftCoroutine-macOSTests";
				PRODUCT_NAME = "$(TARGET_NAME)";
				PROVISIONING_PROFILE_SPECIFIER = "";
				SDKROOT = macosx;
				SWIFT_VERSION = 5.0;
			};
			name = Debug;
		};
		F8CD25B820199D1000952299 /* Release */ = {
			isa = XCBuildConfiguration;
			buildSettings = {
				ALWAYS_EMBED_SWIFT_STANDARD_LIBRARIES = YES;
				CODE_SIGN_IDENTITY = "-";
				CODE_SIGN_STYLE = Manual;
				COMBINE_HIDPI_IMAGES = YES;
				DEVELOPMENT_TEAM = "";
				INFOPLIST_FILE = Tests/SwiftCoroutineTests/Info.plist;
				IPHONEOS_DEPLOYMENT_TARGET = 11.0;
				LD_RUNPATH_SEARCH_PATHS = "$(inherited) @executable_path/../Frameworks @loader_path/../Frameworks";
				MACOSX_DEPLOYMENT_TARGET = 10.13;
				PRODUCT_BUNDLE_IDENTIFIER = "BBelozierov.SwiftCoroutine-macOSTests";
				PRODUCT_NAME = "$(TARGET_NAME)";
				PROVISIONING_PROFILE_SPECIFIER = "";
				SDKROOT = macosx;
				SWIFT_VERSION = 5.0;
			};
			name = Release;
		};
/* End XCBuildConfiguration section */

/* Begin XCConfigurationList section */
		F8CCE86E1F8E82E3007F191B /* Build configuration list for PBXProject "SwiftCoroutine" */ = {
			isa = XCConfigurationList;
			buildConfigurations = (
				F8CCE87A1F8E82E3007F191B /* Debug */,
				F8CCE87B1F8E82E3007F191B /* Release */,
			);
			defaultConfigurationIsVisible = 0;
			defaultConfigurationName = Release;
		};
		F8CD259B20199CF700952299 /* Build configuration list for PBXNativeTarget "SwiftCoroutine iOS" */ = {
			isa = XCConfigurationList;
			buildConfigurations = (
				F8CD259720199CF700952299 /* Debug */,
				F8CD259820199CF700952299 /* Release */,
			);
			defaultConfigurationIsVisible = 0;
			defaultConfigurationName = Release;
		};
		F8CD259C20199CF700952299 /* Build configuration list for PBXNativeTarget "SwiftCoroutine iOSTests" */ = {
			isa = XCConfigurationList;
			buildConfigurations = (
				F8CD259920199CF700952299 /* Debug */,
				F8CD259A20199CF700952299 /* Release */,
			);
			defaultConfigurationIsVisible = 0;
			defaultConfigurationName = Release;
		};
		F8CD25B320199D1000952299 /* Build configuration list for PBXNativeTarget "SwiftCoroutine macOS" */ = {
			isa = XCConfigurationList;
			buildConfigurations = (
				F8CD25B420199D1000952299 /* Debug */,
				F8CD25B520199D1000952299 /* Release */,
			);
			defaultConfigurationIsVisible = 0;
			defaultConfigurationName = Release;
		};
		F8CD25B620199D1000952299 /* Build configuration list for PBXNativeTarget "SwiftCoroutine macOSTests" */ = {
			isa = XCConfigurationList;
			buildConfigurations = (
				F8CD25B720199D1000952299 /* Debug */,
				F8CD25B820199D1000952299 /* Release */,
			);
			defaultConfigurationIsVisible = 0;
			defaultConfigurationName = Release;
		};
/* End XCConfigurationList section */
	};
	rootObject = F8CCE86B1F8E82E3007F191B /* Project object */;
}
